# This file is generated by running "yarn install" inside your project.
# Manual changes might be lost - proceed with caution!

__metadata:
  version: 4
  cacheKey: 8

"1inch-trading-bot@workspace:.":
  version: 0.0.0-use.local
  resolution: "1inch-trading-bot@workspace:."
  dependencies:
    "@types/node": ^16.10.3
    axios: ^0.22.0
    dotenv: ^10.0.0
    ethers: ^5.4.7
    ts-node: ^10.2.1
    typescript: ^4.4.3
  languageName: unknown
  linkType: soft

"@cspotcode/source-map-consumer@npm:0.8.0":
  version: 0.8.0
  resolution: "@cspotcode/source-map-consumer@npm:0.8.0"
  checksum: c0c16ca3d2f58898f1bd74c4f41a189dbcc202e642e60e489cbcc2e52419c4e89bdead02c886a12fb13ea37798ede9e562b2321df997ebc210ae9bd881561b4e
  languageName: node
  linkType: hard

"@cspotcode/source-map-support@npm:0.6.1":
  version: 0.6.1
  resolution: "@cspotcode/source-map-support@npm:0.6.1"
  dependencies:
    "@cspotcode/source-map-consumer": 0.8.0
  checksum: da9fb4f6404ebd210537bfa8b2821a747407bf422d2d3d46f29bf85c7c3a68a126de1a9ec41398d57ca116c3bef56d58c2fb4def0800630b1ec82533ad2447c2
  languageName: node
  linkType: hard

"@ethersproject/abi@npm:5.4.1, @ethersproject/abi@npm:^5.4.0":
  version: 5.4.1
  resolution: "@ethersproject/abi@npm:5.4.1"
  dependencies:
    "@ethersproject/address": ^5.4.0
    "@ethersproject/bignumber": ^5.4.0
    "@ethersproject/bytes": ^5.4.0
    "@ethersproject/constants": ^5.4.0
    "@ethersproject/hash": ^5.4.0
    "@ethersproject/keccak256": ^5.4.0
    "@ethersproject/logger": ^5.4.0
    "@ethersproject/properties": ^5.4.0
    "@ethersproject/strings": ^5.4.0
  checksum: 75460eee1d4eeaa438a43a003343dfcd2a8c3b1b7e0d8a3dd31c9200375d52daeea7022622696d1fec54913ec3b72423057236677907793ec134d2601a061fec
  languageName: node
  linkType: hard

"@ethersproject/abstract-provider@npm:5.4.1, @ethersproject/abstract-provider@npm:^5.4.0":
  version: 5.4.1
  resolution: "@ethersproject/abstract-provider@npm:5.4.1"
  dependencies:
    "@ethersproject/bignumber": ^5.4.0
    "@ethersproject/bytes": ^5.4.0
    "@ethersproject/logger": ^5.4.0
    "@ethersproject/networks": ^5.4.0
    "@ethersproject/properties": ^5.4.0
    "@ethersproject/transactions": ^5.4.0
    "@ethersproject/web": ^5.4.0
  checksum: dd4b8b0b58a58b094377e657e46cb59231bed89abdaa774cad6b0a21015d797283d50585fd4e7f1f9dfda66feede0aed8725183839f4527067427902720e360b
  languageName: node
  linkType: hard

"@ethersproject/abstract-signer@npm:5.4.1, @ethersproject/abstract-signer@npm:^5.4.0":
  version: 5.4.1
  resolution: "@ethersproject/abstract-signer@npm:5.4.1"
  dependencies:
    "@ethersproject/abstract-provider": ^5.4.0
    "@ethersproject/bignumber": ^5.4.0
    "@ethersproject/bytes": ^5.4.0
    "@ethersproject/logger": ^5.4.0
    "@ethersproject/properties": ^5.4.0
  checksum: 5fe9c3978d9c1ca9a5f47ed8afb2d8d00c97e4304114e72ea149816c9a607979022bff01176cb9b293ac8753158399ae7bdf57901f3deb8f7cb050e06070ad1e
  languageName: node
  linkType: hard

"@ethersproject/address@npm:5.4.0, @ethersproject/address@npm:^5.4.0":
  version: 5.4.0
  resolution: "@ethersproject/address@npm:5.4.0"
  dependencies:
    "@ethersproject/bignumber": ^5.4.0
    "@ethersproject/bytes": ^5.4.0
    "@ethersproject/keccak256": ^5.4.0
    "@ethersproject/logger": ^5.4.0
    "@ethersproject/rlp": ^5.4.0
  checksum: c7ad0cffa86a24c5e4c176d4c08b99a35551abd72520ccc55de9c94ef45737f6082c2a784586360915f17802008154c995990f8f35b0f6c2b6738b80b766c0a4
  languageName: node
  linkType: hard

"@ethersproject/base64@npm:5.4.0, @ethersproject/base64@npm:^5.4.0":
  version: 5.4.0
  resolution: "@ethersproject/base64@npm:5.4.0"
  dependencies:
    "@ethersproject/bytes": ^5.4.0
  checksum: 40e14debc4534005cc8a1594074dab272c49d84fb3a6b4c0eedd6144211312a8ad97009603381e90f6ddfeaf5f227c0e8e56d6753562981a9ae6ccfcb8430d4e
  languageName: node
  linkType: hard

"@ethersproject/basex@npm:5.4.0, @ethersproject/basex@npm:^5.4.0":
  version: 5.4.0
  resolution: "@ethersproject/basex@npm:5.4.0"
  dependencies:
    "@ethersproject/bytes": ^5.4.0
    "@ethersproject/properties": ^5.4.0
  checksum: 0a364834f29b27bb04c91698cd2612f07f96f73709af20d99a4b96babc75baf770e84ac01fa2c6b34f0ee3e04c35566d601c6cf1933973844c1a0b785f6f0da5
  languageName: node
  linkType: hard

"@ethersproject/bignumber@npm:5.4.2, @ethersproject/bignumber@npm:^5.4.0":
  version: 5.4.2
  resolution: "@ethersproject/bignumber@npm:5.4.2"
  dependencies:
    "@ethersproject/bytes": ^5.4.0
    "@ethersproject/logger": ^5.4.0
    bn.js: ^4.11.9
  checksum: 4332d27826b5f443824caa93232e7024d77d180cd59c184ee19d15637f696908da609fab8dfa805a5825f258f48ec0aeb20db890b1094779453320460ac2a50b
  languageName: node
  linkType: hard

"@ethersproject/bytes@npm:5.4.0, @ethersproject/bytes@npm:^5.4.0":
  version: 5.4.0
  resolution: "@ethersproject/bytes@npm:5.4.0"
  dependencies:
    "@ethersproject/logger": ^5.4.0
  checksum: be8678ec713858e6d944defc78b9950ab83a9cde22c51ea2658ee4a5aa176f1ce9c36dd6630a2a17dcf6bd098b1b33b7b1d3b8fe2edb8840af4028567ca68775
  languageName: node
  linkType: hard

"@ethersproject/constants@npm:5.4.0, @ethersproject/constants@npm:^5.4.0":
  version: 5.4.0
  resolution: "@ethersproject/constants@npm:5.4.0"
  dependencies:
    "@ethersproject/bignumber": ^5.4.0
  checksum: 736f601d54b1f427cf5451ac463c5470929aac590a287ec40fa5d5f69582f2695b6bc4b476228d63030fb7f215a302fc6db690b2d55038207910232e17b09d89
  languageName: node
  linkType: hard

"@ethersproject/contracts@npm:5.4.1":
  version: 5.4.1
  resolution: "@ethersproject/contracts@npm:5.4.1"
  dependencies:
    "@ethersproject/abi": ^5.4.0
    "@ethersproject/abstract-provider": ^5.4.0
    "@ethersproject/abstract-signer": ^5.4.0
    "@ethersproject/address": ^5.4.0
    "@ethersproject/bignumber": ^5.4.0
    "@ethersproject/bytes": ^5.4.0
    "@ethersproject/constants": ^5.4.0
    "@ethersproject/logger": ^5.4.0
    "@ethersproject/properties": ^5.4.0
    "@ethersproject/transactions": ^5.4.0
  checksum: da817280c44244bf66c9d6136110e4baecad2e30780143598078081b8b34b6a93023ab83a601746d37336a5fceabbcaa267b3b09cf297a7a105949e5b21f255b
  languageName: node
  linkType: hard

"@ethersproject/hash@npm:5.4.0, @ethersproject/hash@npm:^5.4.0":
  version: 5.4.0
  resolution: "@ethersproject/hash@npm:5.4.0"
  dependencies:
    "@ethersproject/abstract-signer": ^5.4.0
    "@ethersproject/address": ^5.4.0
    "@ethersproject/bignumber": ^5.4.0
    "@ethersproject/bytes": ^5.4.0
    "@ethersproject/keccak256": ^5.4.0
    "@ethersproject/logger": ^5.4.0
    "@ethersproject/properties": ^5.4.0
    "@ethersproject/strings": ^5.4.0
  checksum: 20c48688568cc6bb3643bdc69626d0358d1d45994d2f4e38ee01823c0f0dbb47920e74e751bbbfe7c02995a7fd5afe4e2594c0a301fb579339cb3e908141f7b2
  languageName: node
  linkType: hard

"@ethersproject/hdnode@npm:5.4.0, @ethersproject/hdnode@npm:^5.4.0":
  version: 5.4.0
  resolution: "@ethersproject/hdnode@npm:5.4.0"
  dependencies:
    "@ethersproject/abstract-signer": ^5.4.0
    "@ethersproject/basex": ^5.4.0
    "@ethersproject/bignumber": ^5.4.0
    "@ethersproject/bytes": ^5.4.0
    "@ethersproject/logger": ^5.4.0
    "@ethersproject/pbkdf2": ^5.4.0
    "@ethersproject/properties": ^5.4.0
    "@ethersproject/sha2": ^5.4.0
    "@ethersproject/signing-key": ^5.4.0
    "@ethersproject/strings": ^5.4.0
    "@ethersproject/transactions": ^5.4.0
    "@ethersproject/wordlists": ^5.4.0
  checksum: cfd3b1512800877223960ad4e8ce6eacc09486b6e07d74f109c37f6211a3bb77c528c684d3a2dadff933f12d5b8d9676659ef65baa9c5eab257d255d78743dbd
  languageName: node
  linkType: hard

"@ethersproject/json-wallets@npm:5.4.0, @ethersproject/json-wallets@npm:^5.4.0":
  version: 5.4.0
  resolution: "@ethersproject/json-wallets@npm:5.4.0"
  dependencies:
    "@ethersproject/abstract-signer": ^5.4.0
    "@ethersproject/address": ^5.4.0
    "@ethersproject/bytes": ^5.4.0
    "@ethersproject/hdnode": ^5.4.0
    "@ethersproject/keccak256": ^5.4.0
    "@ethersproject/logger": ^5.4.0
    "@ethersproject/pbkdf2": ^5.4.0
    "@ethersproject/properties": ^5.4.0
    "@ethersproject/random": ^5.4.0
    "@ethersproject/strings": ^5.4.0
    "@ethersproject/transactions": ^5.4.0
    aes-js: 3.0.0
    scrypt-js: 3.0.1
  checksum: 8bd933253212199d6594cc2b7777b0e110724e756a9693f4d07f3549355eb599a7ede98b52bd96d2b0f8985ed52ad5a6ff2148fc0aa5a78812535636e4e9dffa
  languageName: node
  linkType: hard

"@ethersproject/keccak256@npm:5.4.0, @ethersproject/keccak256@npm:^5.4.0":
  version: 5.4.0
  resolution: "@ethersproject/keccak256@npm:5.4.0"
  dependencies:
    "@ethersproject/bytes": ^5.4.0
    js-sha3: 0.5.7
  checksum: b76d2818734fb55b80c3b7fc07e761a594b721840c276a52b92e457e4f460802c2f6fe6e684ef444a1d28565351b5859a6e202751fafe111bccef2e596bf9a1e
  languageName: node
  linkType: hard

"@ethersproject/logger@npm:5.4.1, @ethersproject/logger@npm:^5.4.0":
  version: 5.4.1
  resolution: "@ethersproject/logger@npm:5.4.1"
  checksum: 40ade2d1d9408cf786239d850aa6c1bd41403d68f8ab8974643836406efdae1a9419f25a184037ed7c2ee9dcb09896a09d078eed6dd424351f025b1e2eaf19e3
  languageName: node
  linkType: hard

"@ethersproject/networks@npm:5.4.2, @ethersproject/networks@npm:^5.4.0":
  version: 5.4.2
  resolution: "@ethersproject/networks@npm:5.4.2"
  dependencies:
    "@ethersproject/logger": ^5.4.0
  checksum: 08b794f537fe291a566d930877a4a05a18543537755d323b634a7e4818032e5c8bd4f14bb97dafce4d3e4149ecea499b59e4f75a07fd554cab87c3a7fbeb0a0c
  languageName: node
  linkType: hard

"@ethersproject/pbkdf2@npm:5.4.0, @ethersproject/pbkdf2@npm:^5.4.0":
  version: 5.4.0
  resolution: "@ethersproject/pbkdf2@npm:5.4.0"
  dependencies:
    "@ethersproject/bytes": ^5.4.0
    "@ethersproject/sha2": ^5.4.0
  checksum: 596c6b8f920a147eb8f7c1b36d6119be3bf0b31c591cc844b3067300a7ee605d9b03959309a58a37c1ab64e112b4edf838dcac658c5163c5d17966700936c615
  languageName: node
  linkType: hard

"@ethersproject/properties@npm:5.4.1, @ethersproject/properties@npm:^5.4.0":
  version: 5.4.1
  resolution: "@ethersproject/properties@npm:5.4.1"
  dependencies:
    "@ethersproject/logger": ^5.4.0
  checksum: 9c1fc83e26e0b2d7c26c1fb49e14cf5a08598bc06e9b1b5b2f67c9368febb6a35066e445debfc4f600e2a6516fc01baf42d65c23f79b32e634afd6a5b5dd9faf
  languageName: node
  linkType: hard

"@ethersproject/providers@npm:5.4.5":
  version: 5.4.5
  resolution: "@ethersproject/providers@npm:5.4.5"
  dependencies:
    "@ethersproject/abstract-provider": ^5.4.0
    "@ethersproject/abstract-signer": ^5.4.0
    "@ethersproject/address": ^5.4.0
    "@ethersproject/basex": ^5.4.0
    "@ethersproject/bignumber": ^5.4.0
    "@ethersproject/bytes": ^5.4.0
    "@ethersproject/constants": ^5.4.0
    "@ethersproject/hash": ^5.4.0
    "@ethersproject/logger": ^5.4.0
    "@ethersproject/networks": ^5.4.0
    "@ethersproject/properties": ^5.4.0
    "@ethersproject/random": ^5.4.0
    "@ethersproject/rlp": ^5.4.0
    "@ethersproject/sha2": ^5.4.0
    "@ethersproject/strings": ^5.4.0
    "@ethersproject/transactions": ^5.4.0
    "@ethersproject/web": ^5.4.0
    bech32: 1.1.4
    ws: 7.4.6
  checksum: 09692fb053453c2a7e5d566e42d4542cd4225ea829d9177b6227c09559b11c041b4be5958d550ece3fb1d4677e67e45a4604604fd9f5d1b8dcbd04b8c259c186
  languageName: node
  linkType: hard

"@ethersproject/random@npm:5.4.0, @ethersproject/random@npm:^5.4.0":
  version: 5.4.0
  resolution: "@ethersproject/random@npm:5.4.0"
  dependencies:
    "@ethersproject/bytes": ^5.4.0
    "@ethersproject/logger": ^5.4.0
  checksum: 7bf0150b639faac4f9c8c234083d2f1b5d3fbd530ab64d5602240c8873d856418e1512f41b8c39b771118ff7d06d257dd0ad473aca9e3886535baeeb5ac6b7e8
  languageName: node
  linkType: hard

"@ethersproject/rlp@npm:5.4.0, @ethersproject/rlp@npm:^5.4.0":
  version: 5.4.0
  resolution: "@ethersproject/rlp@npm:5.4.0"
  dependencies:
    "@ethersproject/bytes": ^5.4.0
    "@ethersproject/logger": ^5.4.0
  checksum: d6c45c17f8062a93737267aca52c16725fa197706b5dade1f806f9be3e498d3f70101cad631dc979d7db94ee170f225fed03900df35676cfe6ba86b16136f046
  languageName: node
  linkType: hard

"@ethersproject/sha2@npm:5.4.0, @ethersproject/sha2@npm:^5.4.0":
  version: 5.4.0
  resolution: "@ethersproject/sha2@npm:5.4.0"
  dependencies:
    "@ethersproject/bytes": ^5.4.0
    "@ethersproject/logger": ^5.4.0
    hash.js: 1.1.7
  checksum: 253a5ad3894c3a0bcd1d7af6dc19fbd80680732bf05c708b9c27c26ffc0a8c2be04eaeabf98be6be18e7181a130b142ac391aceac705382cea7f24876f012671
  languageName: node
  linkType: hard

"@ethersproject/signing-key@npm:5.4.0, @ethersproject/signing-key@npm:^5.4.0":
  version: 5.4.0
  resolution: "@ethersproject/signing-key@npm:5.4.0"
  dependencies:
    "@ethersproject/bytes": ^5.4.0
    "@ethersproject/logger": ^5.4.0
    "@ethersproject/properties": ^5.4.0
    bn.js: ^4.11.9
    elliptic: 6.5.4
    hash.js: 1.1.7
  checksum: aa5666aec046f57cd6b66044b2ea34cd72e481b209cadbf7a2d09e1eb9123e0817398e0e31dad22acef72fa9e06faf78026169c82f800826bcf4fbbed2d7d5a3
  languageName: node
  linkType: hard

"@ethersproject/solidity@npm:5.4.0":
  version: 5.4.0
  resolution: "@ethersproject/solidity@npm:5.4.0"
  dependencies:
    "@ethersproject/bignumber": ^5.4.0
    "@ethersproject/bytes": ^5.4.0
    "@ethersproject/keccak256": ^5.4.0
    "@ethersproject/sha2": ^5.4.0
    "@ethersproject/strings": ^5.4.0
  checksum: 62f8756a9b9e15073b4785f8880a3c248eba6397f33b6de1bd4ed7f83a362c5a61dfe5b2e602b30aec0b0f46efc27cbdd796de43b2c1b62db9e3d2fed43ec90a
  languageName: node
  linkType: hard

"@ethersproject/strings@npm:5.4.0, @ethersproject/strings@npm:^5.4.0":
  version: 5.4.0
  resolution: "@ethersproject/strings@npm:5.4.0"
  dependencies:
    "@ethersproject/bytes": ^5.4.0
    "@ethersproject/constants": ^5.4.0
    "@ethersproject/logger": ^5.4.0
  checksum: f62ab89803f6cbc9c91093589e8e117b0c0857d8642d7d85bef1807f3ced7757127d3f271bf0bd7f644e02a31282842c1339f678b7f8a79c88ad3326d775db2a
  languageName: node
  linkType: hard

"@ethersproject/transactions@npm:5.4.0, @ethersproject/transactions@npm:^5.4.0":
  version: 5.4.0
  resolution: "@ethersproject/transactions@npm:5.4.0"
  dependencies:
    "@ethersproject/address": ^5.4.0
    "@ethersproject/bignumber": ^5.4.0
    "@ethersproject/bytes": ^5.4.0
    "@ethersproject/constants": ^5.4.0
    "@ethersproject/keccak256": ^5.4.0
    "@ethersproject/logger": ^5.4.0
    "@ethersproject/properties": ^5.4.0
    "@ethersproject/rlp": ^5.4.0
    "@ethersproject/signing-key": ^5.4.0
  checksum: 7407c93301fe634bf74150e1b4dc0636246ee4022ae988c003e1a52d0ad5cc6a693a6cb763b2280cb856f76e314b8650206cb1308a7a679e63bfbe8604294fe3
  languageName: node
  linkType: hard

"@ethersproject/units@npm:5.4.0":
  version: 5.4.0
  resolution: "@ethersproject/units@npm:5.4.0"
  dependencies:
    "@ethersproject/bignumber": ^5.4.0
    "@ethersproject/constants": ^5.4.0
    "@ethersproject/logger": ^5.4.0
  checksum: 47054df485b4b648a982186d280f0eef9489acbd0d1a4036cc8f9170b8c3c91552b5d8d21213cef206e76b475fc83c9318d87c50b4931e0495198637181f068d
  languageName: node
  linkType: hard

"@ethersproject/wallet@npm:5.4.0":
  version: 5.4.0
  resolution: "@ethersproject/wallet@npm:5.4.0"
  dependencies:
    "@ethersproject/abstract-provider": ^5.4.0
    "@ethersproject/abstract-signer": ^5.4.0
    "@ethersproject/address": ^5.4.0
    "@ethersproject/bignumber": ^5.4.0
    "@ethersproject/bytes": ^5.4.0
    "@ethersproject/hash": ^5.4.0
    "@ethersproject/hdnode": ^5.4.0
    "@ethersproject/json-wallets": ^5.4.0
    "@ethersproject/keccak256": ^5.4.0
    "@ethersproject/logger": ^5.4.0
    "@ethersproject/properties": ^5.4.0
    "@ethersproject/random": ^5.4.0
    "@ethersproject/signing-key": ^5.4.0
    "@ethersproject/transactions": ^5.4.0
    "@ethersproject/wordlists": ^5.4.0
  checksum: 537bea004798951476b15752fad672d919e3130aeacaff3cf2497d466f1346e5fa15b6cd716c0c879ce68bc7f33e1bd355ce11032a94e9d30eef0666b6fd1ddf
  languageName: node
  linkType: hard

"@ethersproject/web@npm:5.4.0, @ethersproject/web@npm:^5.4.0":
  version: 5.4.0
  resolution: "@ethersproject/web@npm:5.4.0"
  dependencies:
    "@ethersproject/base64": ^5.4.0
    "@ethersproject/bytes": ^5.4.0
    "@ethersproject/logger": ^5.4.0
    "@ethersproject/properties": ^5.4.0
    "@ethersproject/strings": ^5.4.0
  checksum: 09954d42aaa91690448b8dacfb16d82351138f13c2bf05ab18c4e03c5c5c1df625bc094d781665ef5b034a24f5c0c305d6b01f4f5e6bf082e30933b3788d69ce
  languageName: node
  linkType: hard

"@ethersproject/wordlists@npm:5.4.0, @ethersproject/wordlists@npm:^5.4.0":
  version: 5.4.0
  resolution: "@ethersproject/wordlists@npm:5.4.0"
  dependencies:
    "@ethersproject/bytes": ^5.4.0
    "@ethersproject/hash": ^5.4.0
    "@ethersproject/logger": ^5.4.0
    "@ethersproject/properties": ^5.4.0
    "@ethersproject/strings": ^5.4.0
  checksum: db9fb8994a27cec040a44efa4a9c16af6443db71e809012a7dfa05c2ea2162c699a7f5e5ca9683580a490e90c55718aa110fa1eb79749a359f85794cc43d67b6
  languageName: node
  linkType: hard

"@tsconfig/node10@npm:^1.0.7":
  version: 1.0.8
  resolution: "@tsconfig/node10@npm:1.0.8"
  checksum: b8d5fffbc6b17ef64ef74f7fdbccee02a809a063ade785c3648dae59406bc207f70ea2c4296f92749b33019fa36a5ae716e42e49cc7f1bbf0fd147be0d6b970a
  languageName: node
  linkType: hard

"@tsconfig/node12@npm:^1.0.7":
  version: 1.0.9
  resolution: "@tsconfig/node12@npm:1.0.9"
  checksum: a01b2400ab3582b86b589c6d31dcd0c0656f333adecde85d6d7d4086adb059808b82692380bb169546d189bf771ae21d02544a75b57bd6da4a5dd95f8567bec9
  languageName: node
  linkType: hard

"@tsconfig/node14@npm:^1.0.0":
  version: 1.0.1
  resolution: "@tsconfig/node14@npm:1.0.1"
  checksum: 976345e896c0f059867f94f8d0f6ddb8b1844fb62bf36b727de8a9a68f024857e5db97ed51d3325e23e0616a5e48c034ff51a8d595b3fe7e955f3587540489be
  languageName: node
  linkType: hard

"@tsconfig/node16@npm:^1.0.2":
  version: 1.0.2
  resolution: "@tsconfig/node16@npm:1.0.2"
  checksum: ca94d3639714672bbfd55f03521d3f56bb6a25479bd425da81faf21f13e1e9d15f40f97377dedbbf477a5841c5b0c8f4cd1b391f33553d750b9202c54c2c07aa
  languageName: node
  linkType: hard

"@types/node@npm:^16.10.3":
  version: 16.10.3
  resolution: "@types/node@npm:16.10.3"
  checksum: 3fd429bce8a4acb497dcc62b536782a5e87ccf7cd91d64a78b263ae5d66cb72bf84be9eeeff6f84ae0567b065a40b267caa66d311f9e094990a5847bbd168a29
  languageName: node
  linkType: hard

"acorn-walk@npm:^8.1.1":
  version: 8.2.0
  resolution: "acorn-walk@npm:8.2.0"
  checksum: 1715e76c01dd7b2d4ca472f9c58968516a4899378a63ad5b6c2d668bba8da21a71976c14ec5f5b75f887b6317c4ae0b897ab141c831d741dc76024d8745f1ad1
  languageName: node
  linkType: hard

"acorn@npm:^8.4.1":
  version: 8.5.0
  resolution: "acorn@npm:8.5.0"
  bin:
    acorn: bin/acorn
  checksum: 2e4c1dbed3da327684863debf31d341bf8882c6893c506653872c00977eee45675feb9129255d6c74c88424d2b20d889ca6de5b39776e5e3cccfc756b3ca1da8
  languageName: node
  linkType: hard

"aes-js@npm:3.0.0":
  version: 3.0.0
  resolution: "aes-js@npm:3.0.0"
  checksum: 251e26d533cd1a915b44896b17d5ed68c24a02484cfdd2e74ec700a309267db96651ea4eb657bf20aac32a3baa61f6e34edf8e2fec2de440a655da9942d334b8
  languageName: node
  linkType: hard

"arg@npm:^4.1.0":
  version: 4.1.3
  resolution: "arg@npm:4.1.3"
  checksum: 544af8dd3f60546d3e4aff084d451b96961d2267d668670199692f8d054f0415d86fc5497d0e641e91546f0aa920e7c29e5250e99fc89f5552a34b5d93b77f43
  languageName: node
  linkType: hard

"axios@npm:^0.22.0":
  version: 0.22.0
  resolution: "axios@npm:0.22.0"
  dependencies:
    follow-redirects: ^1.14.4
  checksum: 83dc4d02e180f69aa9f0d1d0d50b84ec3603517230d58b4c3720ebd440c7e64ea86c5e892dc6e19061608e8e1103504a709d8baa4051c4b7652101b523d04b63
  languageName: node
  linkType: hard

"bech32@npm:1.1.4":
  version: 1.1.4
  resolution: "bech32@npm:1.1.4"
  checksum: 0e98db619191548390d6f09ff68b0253ba7ae6a55db93dfdbb070ba234c1fd3308c0606fbcc95fad50437227b10011e2698b89f0181f6e7f845c499bd14d0f4b
  languageName: node
  linkType: hard

"bn.js@npm:^4.11.9":
  version: 4.12.0
  resolution: "bn.js@npm:4.12.0"
  checksum: 39afb4f15f4ea537b55eaf1446c896af28ac948fdcf47171961475724d1bb65118cca49fa6e3d67706e4790955ec0e74de584e45c8f1ef89f46c812bee5b5a12
  languageName: node
  linkType: hard

"brorand@npm:^1.1.0":
  version: 1.1.0
  resolution: "brorand@npm:1.1.0"
  checksum: 8a05c9f3c4b46572dec6ef71012b1946db6cae8c7bb60ccd4b7dd5a84655db49fe043ecc6272e7ef1f69dc53d6730b9e2a3a03a8310509a3d797a618cbee52be
  languageName: node
  linkType: hard

"create-require@npm:^1.1.0":
  version: 1.1.1
  resolution: "create-require@npm:1.1.1"
  checksum: a9a1503d4390d8b59ad86f4607de7870b39cad43d929813599a23714831e81c520bddf61bcdd1f8e30f05fd3a2b71ae8538e946eb2786dc65c2bbc520f692eff
  languageName: node
  linkType: hard

"diff@npm:^4.0.1":
  version: 4.0.2
  resolution: "diff@npm:4.0.2"
  checksum: f2c09b0ce4e6b301c221addd83bf3f454c0bc00caa3dd837cf6c127d6edf7223aa2bbe3b688feea110b7f262adbfc845b757c44c8a9f8c0c5b15d8fa9ce9d20d
  languageName: node
  linkType: hard

"dotenv@npm:^10.0.0":
  version: 10.0.0
  resolution: "dotenv@npm:10.0.0"
  checksum: f412c5fe8c24fbe313d302d2500e247ba8a1946492db405a4de4d30dd0eb186a88a43f13c958c5a7de303938949c4231c56994f97d05c4bc1f22478d631b4005
  languageName: node
  linkType: hard

"elliptic@npm:6.5.4":
  version: 6.5.4
  resolution: "elliptic@npm:6.5.4"
  dependencies:
    bn.js: ^4.11.9
    brorand: ^1.1.0
    hash.js: ^1.0.0
    hmac-drbg: ^1.0.1
    inherits: ^2.0.4
    minimalistic-assert: ^1.0.1
    minimalistic-crypto-utils: ^1.0.1
  checksum: d56d21fd04e97869f7ffcc92e18903b9f67f2d4637a23c860492fbbff5a3155fd9ca0184ce0c865dd6eb2487d234ce9551335c021c376cd2d3b7cb749c7d10f4
  languageName: node
  linkType: hard

"ethers@npm:^5.4.7":
  version: 5.4.7
  resolution: "ethers@npm:5.4.7"
  dependencies:
    "@ethersproject/abi": 5.4.1
    "@ethersproject/abstract-provider": 5.4.1
    "@ethersproject/abstract-signer": 5.4.1
    "@ethersproject/address": 5.4.0
    "@ethersproject/base64": 5.4.0
    "@ethersproject/basex": 5.4.0
    "@ethersproject/bignumber": 5.4.2
    "@ethersproject/bytes": 5.4.0
    "@ethersproject/constants": 5.4.0
    "@ethersproject/contracts": 5.4.1
    "@ethersproject/hash": 5.4.0
    "@ethersproject/hdnode": 5.4.0
    "@ethersproject/json-wallets": 5.4.0
    "@ethersproject/keccak256": 5.4.0
    "@ethersproject/logger": 5.4.1
    "@ethersproject/networks": 5.4.2
    "@ethersproject/pbkdf2": 5.4.0
    "@ethersproject/properties": 5.4.1
    "@ethersproject/providers": 5.4.5
    "@ethersproject/random": 5.4.0
    "@ethersproject/rlp": 5.4.0
    "@ethersproject/sha2": 5.4.0
    "@ethersproject/signing-key": 5.4.0
    "@ethersproject/solidity": 5.4.0
    "@ethersproject/strings": 5.4.0
    "@ethersproject/transactions": 5.4.0
    "@ethersproject/units": 5.4.0
    "@ethersproject/wallet": 5.4.0
    "@ethersproject/web": 5.4.0
    "@ethersproject/wordlists": 5.4.0
  checksum: 744d58c1c46c88ea6f713ab58436c3f2e1d976691842c021c0377fb22a647eaa64c603ef52273e9de5bdbfaf2831a191c6ae9efc4e78fb571453e9b9492c32a0
  languageName: node
  linkType: hard

"follow-redirects@npm:^1.14.4":
  version: 1.14.4
  resolution: "follow-redirects@npm:1.14.4"
  peerDependenciesMeta:
    debug:
      optional: true
  checksum: d4ce74cf5c6f363168b97e706b914eb9ffb6bf4d4c6d8f8330b93088d9b90e566611ddbcf0e42c8ed5fd17598dfeda1d19230d3e9d6d6c6b4d1c10ec3a0b99be
  languageName: node
  linkType: hard

"hash.js@npm:1.1.7, hash.js@npm:^1.0.0, hash.js@npm:^1.0.3":
  version: 1.1.7
  resolution: "hash.js@npm:1.1.7"
  dependencies:
    inherits: ^2.0.3
    minimalistic-assert: ^1.0.1
  checksum: e350096e659c62422b85fa508e4b3669017311aa4c49b74f19f8e1bc7f3a54a584fdfd45326d4964d6011f2b2d882e38bea775a96046f2a61b7779a979629d8f
  languageName: node
  linkType: hard

"hmac-drbg@npm:^1.0.1":
  version: 1.0.1
  resolution: "hmac-drbg@npm:1.0.1"
  dependencies:
    hash.js: ^1.0.3
    minimalistic-assert: ^1.0.0
    minimalistic-crypto-utils: ^1.0.1
  checksum: bd30b6a68d7f22d63f10e1888aee497d7c2c5c0bb469e66bbdac99f143904d1dfe95f8131f95b3e86c86dd239963c9d972fcbe147e7cffa00e55d18585c43fe0
  languageName: node
  linkType: hard

"inherits@npm:^2.0.3, inherits@npm:^2.0.4":
  version: 2.0.4
  resolution: "inherits@npm:2.0.4"
  checksum: 4a48a733847879d6cf6691860a6b1e3f0f4754176e4d71494c41f3475553768b10f84b5ce1d40fbd0e34e6bfbb864ee35858ad4dd2cf31e02fc4a154b724d7f1
  languageName: node
  linkType: hard

"js-sha3@npm:0.5.7":
  version: 0.5.7
  resolution: "js-sha3@npm:0.5.7"
  checksum: 973a28ea4b26cc7f12d2ab24f796e24ee4a71eef45a6634a052f6eb38cf8b2333db798e896e6e094ea6fa4dfe8e42a2a7942b425cf40da3f866623fd05bb91ea
  languageName: node
  linkType: hard

"make-error@npm:^1.1.1":
  version: 1.3.6
  resolution: "make-error@npm:1.3.6"
  checksum: b86e5e0e25f7f777b77fabd8e2cbf15737972869d852a22b7e73c17623928fccb826d8e46b9951501d3f20e51ad74ba8c59ed584f610526a48f8ccf88aaec402
  languageName: node
  linkType: hard

"minimalistic-assert@npm:^1.0.0, minimalistic-assert@npm:^1.0.1":
  version: 1.0.1
  resolution: "minimalistic-assert@npm:1.0.1"
  checksum: cc7974a9268fbf130fb055aff76700d7e2d8be5f761fb5c60318d0ed010d839ab3661a533ad29a5d37653133385204c503bfac995aaa4236f4e847461ea32ba7
  languageName: node
  linkType: hard

"minimalistic-crypto-utils@npm:^1.0.1":
  version: 1.0.1
  resolution: "minimalistic-crypto-utils@npm:1.0.1"
  checksum: 6e8a0422b30039406efd4c440829ea8f988845db02a3299f372fceba56ffa94994a9c0f2fd70c17f9969eedfbd72f34b5070ead9656a34d3f71c0bd72583a0ed
  languageName: node
  linkType: hard

"scrypt-js@npm:3.0.1":
  version: 3.0.1
  resolution: "scrypt-js@npm:3.0.1"
  checksum: b7c7d1a68d6ca946f2fbb0778e0c4ec63c65501b54023b2af7d7e9f48fdb6c6580d6f7675cd53bda5944c5ebc057560d5a6365079752546865defb3b79dea454
  languageName: node
  linkType: hard

"ts-node@npm:^10.2.1":
  version: 10.2.1
  resolution: "ts-node@npm:10.2.1"
  dependencies:
    "@cspotcode/source-map-support": 0.6.1
    "@tsconfig/node10": ^1.0.7
    "@tsconfig/node12": ^1.0.7
    "@tsconfig/node14": ^1.0.0
    "@tsconfig/node16": ^1.0.2
    acorn: ^8.4.1
    acorn-walk: ^8.1.1
    arg: ^4.1.0
    create-require: ^1.1.0
    diff: ^4.0.1
    make-error: ^1.1.1
    yn: 3.1.1
  peerDependencies:
    "@swc/core": ">=1.2.50"
    "@swc/wasm": ">=1.2.50"
    "@types/node": "*"
    typescript: ">=2.7"
  peerDependenciesMeta:
    "@swc/core":
      optional: true
    "@swc/wasm":
      optional: true
  bin:
    ts-node: dist/bin.js
    ts-node-cwd: dist/bin-cwd.js
    ts-node-script: dist/bin-script.js
    ts-node-transpile-only: dist/bin-transpile.js
    ts-script: dist/bin-script-deprecated.js
  checksum: f37d2827a583c51d012cdd3d9b96629fba7a5b5dfad2c26ca48c7c89f904118924689ca56f4b9b2136217194870a76f26aae06e3490ee613b0e960f02dc96bbe
  languageName: node
  linkType: hard

typescript@^4.4.3:
  version: 4.4.3
  resolution: "typescript@npm:4.4.3"
  bin:
    tsc: bin/tsc
    tsserver: bin/tsserver
  checksum: 05823f21796d450531a7e4ab299715d38fd9ded0e4ce7400876053f4b5166ca3dde7a68cecfe72d9086039f03c0b6edba36516fb10ed83c5837d9600532ea4c2
  languageName: node
  linkType: hard

"typescript@patch:typescript@^4.4.3#~builtin<compat/typescript>":
  version: 4.4.3
  resolution: "typescript@patch:typescript@npm%3A4.4.3#~builtin<compat/typescript>::version=4.4.3&hash=32657b"
  bin:
    tsc: bin/tsc
    tsserver: bin/tsserver
  checksum: 28ab98313afab46788ff41014fdb5932430ada6e03cf9e92ac47f406526a2cac1ae2894834e7da61e46b7429318e9c47f45ba8de323332f0cb9af99b72ebae74
  languageName: node
  linkType: hard

"ws@npm:7.4.6":
  version: 7.4.6
  resolution: "ws@npm:7.4.6"
  peerDependencies:
    bufferutil: ^4.0.1
    utf-8-validate: ^5.0.2
  peerDependenciesMeta:
    bufferutil:
      optional: true
    utf-8-validate:
      optional: true
  checksum: 3a990b32ed08c72070d5e8913e14dfcd831919205be52a3ff0b4cdd998c8d554f167c9df3841605cde8b11d607768cacab3e823c58c96a5c08c987e093eb767a
  languageName: node
  linkType: hard

"yn@npm:3.1.1":
  version: 3.1.1
  resolution: "yn@npm:3.1.1"
  checksum: 2c487b0e149e746ef48cda9f8bad10fc83693cd69d7f9dcd8be4214e985de33a29c9e24f3c0d6bcf2288427040a8947406ab27f7af67ee9456e6b84854f02dd6
  languageName: node
  linkType: hard
